
Microsoft Visual Studio Solution File, Format Version 12.00
# Visual Studio Version 16
VisualStudioVersion = 25.0.1700.2
MinimumVisualStudioVersion = 10.0.40219.1
Project("{FAE04EC0-301F-11D3-BF4B-00C04F79EFBC}") = "API", "API.csproj", "{398E061B-80E5-4A1E-A07B-3ACC071A81EF}"
EndProject
Global
	GlobalSection(SolutionConfigurationPlatforms) = preSolution
		Debug|Any CPU = Debug|Any CPU
		Release|Any CPU = Release|Any CPU
	EndGlobalSection
	GlobalSection(ProjectConfigurationPlatforms) = postSolution
		{398E061B-80E5-4A1E-A07B-3ACC071A81EF}.Debug|Any CPU.ActiveCfg = Debug|Any CPU
		{398E061B-80E5-4A1E-A07B-3ACC071A81EF}.Debug|Any CPU.Build.0 = Debug|Any CPU
		{398E061B-80E5-4A1E-A07B-3ACC071A81EF}.Release|Any CPU.ActiveCfg = Release|Any CPU
		{398E061B-80E5-4A1E-A07B-3ACC071A81EF}.Release|Any CPU.Build.0 = Release|Any CPU
	EndGlobalSection
	GlobalSection(SolutionProperties) = preSolution
		HideSolutionNode = FALSE
	EndGlobalSection
	GlobalSection(ExtensibilityGlobals) = postSolution
		SolutionGuid = {E034ADAD-6111-4AD6-A410-60928778B540}
	EndGlobalSection
EndGlobal
